.gitignore:  listed in $Not_Code_Extension{gitignore}
.husky/pre-commit:  language unknown (#3)
flake.lock:  language unknown (#3)
packages/jeremy-nuttall.com/.gitignore:  listed in $Not_Code_Extension{gitignore}
packages/jeremy-nuttall.com/public/static/resume.pdf:  binary file
packages/jeremy-nuttall.com/src/app/favicon.ico:  binary file
packages/react-typewriter/.gitignore:  listed in $Not_Code_Extension{gitignore}
packages/resume/.gitignore:  listed in $Not_Code_Extension{gitignore}
packages/resume/fonts/FontAwesome.ttf:  binary file
packages/resume/fonts/SpaceGrotesk-Bold.ttf:  binary file
packages/resume/fonts/SpaceGrotesk-Light.ttf:  binary file
packages/resume/fonts/SpaceGrotesk-Medium.ttf:  binary file
packages/resume/fonts/SpaceGrotesk-Regular.ttf:  binary file
packages/resume/fonts/SpaceGrotesk-SemiBold.ttf:  binary file
packages/resume/fonts/SpaceMono-Bold.ttf:  binary file
packages/resume/fonts/SpaceMono-BoldItalic.ttf:  binary file
packages/resume/fonts/SpaceMono-Italic.ttf:  binary file
packages/resume/fonts/SpaceMono-Regular.ttf:  binary file
